
Microsoft Visual Studio Solution File, Format Version 12.00
# Visual Studio 15
VisualStudioVersion = 15.0.28010.2048
MinimumVisualStudioVersion = 10.0.40219.1
Project("{FAE04EC0-301F-11D3-BF4B-00C04F79EFBC}") = "AlgorithmsDataStructures2", "AlgorithmsDataStructures2\AlgorithmsDataStructures2.csproj", "{2BCA5B33-52DB-4854-BE4D-B5383EB11681}"
EndProject
Global
	GlobalSection(SolutionConfigurationPlatforms) = preSolution
		Debug|Any CPU = Debug|Any CPU
		Release|Any CPU = Release|Any CPU
	EndGlobalSection
	GlobalSection(ProjectConfigurationPlatforms) = postSolution
		{2BCA5B33-52DB-4854-BE4D-B5383EB11681}.Debug|Any CPU.ActiveCfg = Debug|Any CPU
		{2BCA5B33-52DB-4854-BE4D-B5383EB11681}.Debug|Any CPU.Build.0 = Debug|Any CPU
		{2BCA5B33-52DB-4854-BE4D-B5383EB11681}.Release|Any CPU.ActiveCfg = Release|Any CPU
		{2BCA5B33-52DB-4854-BE4D-B5383EB11681}.Release|Any CPU.Build.0 = Release|Any CPU
	EndGlobalSection
	GlobalSection(SolutionProperties) = preSolution
		HideSolutionNode = FALSE
	EndGlobalSection
	GlobalSection(ExtensibilityGlobals) = postSolution
		SolutionGuid = {2CAE6981-CAB7-4DAA-BBD8-CDEE2CA3FE23}
	EndGlobalSection
EndGlobal
